// !$*UTF8*$!
{
	archiveVersion = 1;
	classes = {
	};
	objectVersion = 46;
	objects = {

/* Begin PBXBuildFile section */
		0583A030AA41239117DD9E11 /* maxiMFCC.cpp in Sources */ = {isa = PBXBuildFile; fileRef = 1383BAC8643F36247B084617 /* maxiMFCC.cpp */; };
		1474D9AFDB50118A7AD7D896 /* maxiBark.cpp in Sources */ = {isa = PBXBuildFile; fileRef = 14883921D6C2E2F320F6C1B8 /* maxiBark.cpp */; };
		206563C67C8E6571292487D0 /* maxiAtoms.cpp in Sources */ = {isa = PBXBuildFile; fileRef = AF4230C4DAB9BDA73E399671 /* maxiAtoms.cpp */; };
		26C918A18749F3343BAE189D /* ofxButton.cpp in Sources */ = {isa = PBXBuildFile; fileRef = ED022B158A579C11EC257679 /* ofxButton.cpp */; };
		3966EAE91FF6C72B009C3354 /* Superformula.cpp in Sources */ = {isa = PBXBuildFile; fileRef = 3966EAE71FF6C72B009C3354 /* Superformula.cpp */; };
		3966EAED1FF6CBA0009C3354 /* Phyllotaxis.cpp in Sources */ = {isa = PBXBuildFile; fileRef = 3966EAEB1FF6CBA0009C3354 /* Phyllotaxis.cpp */; };
		3966EAF81FF7A69A009C3354 /* Ring.cpp in Sources */ = {isa = PBXBuildFile; fileRef = 3966EAF61FF7A69A009C3354 /* Ring.cpp */; };
		5F131AC1F6EF4A345D808FB5 /* ofxToggle.cpp in Sources */ = {isa = PBXBuildFile; fileRef = DB8A913F1E1D4EE23A143D63 /* ofxToggle.cpp */; };
		649D70B852DCED4E460097C0 /* maximilian.cpp in Sources */ = {isa = PBXBuildFile; fileRef = AB38311EBB353979279949DC /* maximilian.cpp */; };
		67BC3BC521858C039213B9E2 /* maxiGrains.cpp in Sources */ = {isa = PBXBuildFile; fileRef = C38B7CECCEDE1E4565C00D1C /* maxiGrains.cpp */; };
		7871178CCF2D688F51416FFF /* stb_vorbis.c in Sources */ = {isa = PBXBuildFile; fileRef = 0AB7E3F926BBD06959CE22D6 /* stb_vorbis.c */; };
		8A5B2FCECC22246C29041092 /* ofxMeshUtils.cpp in Sources */ = {isa = PBXBuildFile; fileRef = 0EDC02B3C29EDB519AFA821C /* ofxMeshUtils.cpp */; };
		8A8DB0CF1961BD567E612B95 /* fft.cpp in Sources */ = {isa = PBXBuildFile; fileRef = EB1B045BCFEB7E86F98858A9 /* fft.cpp */; };
		A666114E6FC02999817B931F /* ofxSliderGroup.cpp in Sources */ = {isa = PBXBuildFile; fileRef = BF26871164CD378F7C856AD9 /* ofxSliderGroup.cpp */; };
		B099E021F31864C38C1A79AF /* ofxGuiGroup.cpp in Sources */ = {isa = PBXBuildFile; fileRef = 96B5EE5548C75EB5F93BE19B /* ofxGuiGroup.cpp */; };
		B33CD1315CC6C05197584435 /* ofxLabel.cpp in Sources */ = {isa = PBXBuildFile; fileRef = C25F58B0F93CFF331C7A5036 /* ofxLabel.cpp */; };
		D075B1C6BEDE8EAADF46DED5 /* maxiFFT.cpp in Sources */ = {isa = PBXBuildFile; fileRef = F1259952279536C3D4F0C519 /* maxiFFT.cpp */; };
		D6A39F2B6D22DDEACAC26A21 /* ofxBaseGui.cpp in Sources */ = {isa = PBXBuildFile; fileRef = 8F276A16D0D6C287D0526E3D /* ofxBaseGui.cpp */; };
		E0788DAB1979A724D741A861 /* ofxPanel.cpp in Sources */ = {isa = PBXBuildFile; fileRef = 5BE58FA9DA5F81D80DC10483 /* ofxPanel.cpp */; };
		E4328149138ABC9F0047C5CB /* openFrameworksDebug.a in Frameworks */ = {isa = PBXBuildFile; fileRef = E4328148138ABC890047C5CB /* openFrameworksDebug.a */; };
		E4B69E200A3A1BDC003C02F2 /* main.cpp in Sources */ = {isa = PBXBuildFile; fileRef = E4B69E1D0A3A1BDC003C02F2 /* main.cpp */; };
		E4B69E210A3A1BDC003C02F2 /* ofApp.cpp in Sources */ = {isa = PBXBuildFile; fileRef = E4B69E1E0A3A1BDC003C02F2 /* ofApp.cpp */; };
		F4A3A7E565388C16136138B9 /* ofxSlider.cpp in Sources */ = {isa = PBXBuildFile; fileRef = DD91F64F2C1271A1A7C71458 /* ofxSlider.cpp */; };
/* End PBXBuildFile section */

/* Begin PBXContainerItemProxy section */
		E4328147138ABC890047C5CB /* PBXContainerItemProxy */ = {
			isa = PBXContainerItemProxy;
			containerPortal = E4328143138ABC890047C5CB /* openFrameworksLib.xcodeproj */;
			proxyType = 2;
			remoteGlobalIDString = E4B27C1510CBEB8E00536013;
			remoteInfo = openFrameworks;
		};
		E4EEB9AB138B136A00A80321 /* PBXContainerItemProxy */ = {
			isa = PBXContainerItemProxy;
			containerPortal = E4328143138ABC890047C5CB /* openFrameworksLib.xcodeproj */;
			proxyType = 1;
			remoteGlobalIDString = E4B27C1410CBEB8E00536013;
			remoteInfo = openFrameworks;
		};
/* End PBXContainerItemProxy section */

/* Begin PBXCopyFilesBuildPhase section */
		E4C2427710CC5ABF004149E2 /* CopyFiles */ = {
			isa = PBXCopyFilesBuildPhase;
			buildActionMask = 2147483647;
			dstPath = "";
			dstSubfolderSpec = 10;
			files = (
			);
			runOnlyForDeploymentPostprocessing = 0;
		};
/* End PBXCopyFilesBuildPhase section */

/* Begin PBXFileReference section */
		0566571C04DBB83434E1FF2D /* maxiGrains.h */ = {isa = PBXFileReference; explicitFileType = sourcecode.c.h; fileEncoding = 30; name = maxiGrains.h; path = ../../../../of_v0.9.8_osx_release/addons/ofxMaxim/libs/maxiGrains.h; sourceTree = SOURCE_ROOT; };
		08A98184FF8AC9F2B002C6E9 /* ofxToggle.h */ = {isa = PBXFileReference; explicitFileType = sourcecode.c.h; fileEncoding = 30; name = ofxToggle.h; path = ../../../../of_v0.9.8_osx_release/addons/ofxGui/src/ofxToggle.h; sourceTree = SOURCE_ROOT; };
		0AB7E3F926BBD06959CE22D6 /* stb_vorbis.c */ = {isa = PBXFileReference; explicitFileType = sourcecode.c.c; fileEncoding = 30; name = stb_vorbis.c; path = ../../../../of_v0.9.8_osx_release/addons/ofxMaxim/libs/stb_vorbis.c; sourceTree = SOURCE_ROOT; };
		0EDC02B3C29EDB519AFA821C /* ofxMeshUtils.cpp */ = {isa = PBXFileReference; explicitFileType = sourcecode.cpp.cpp; fileEncoding = 30; name = ofxMeshUtils.cpp; path = src/ofxMeshUtils.cpp; sourceTree = SOURCE_ROOT; };
		1383BAC8643F36247B084617 /* maxiMFCC.cpp */ = {isa = PBXFileReference; explicitFileType = sourcecode.cpp.cpp; fileEncoding = 30; name = maxiMFCC.cpp; path = ../../../../of_v0.9.8_osx_release/addons/ofxMaxim/libs/maxiMFCC.cpp; sourceTree = SOURCE_ROOT; };
		14883921D6C2E2F320F6C1B8 /* maxiBark.cpp */ = {isa = PBXFileReference; explicitFileType = sourcecode.cpp.cpp; fileEncoding = 30; name = maxiBark.cpp; path = ../../../../of_v0.9.8_osx_release/addons/ofxMaxim/libs/maxiBark.cpp; sourceTree = SOURCE_ROOT; };
		37E583DAD23B827B8FD7901E /* ofxBaseGui.h */ = {isa = PBXFileReference; explicitFileType = sourcecode.c.h; fileEncoding = 30; name = ofxBaseGui.h; path = ../../../../of_v0.9.8_osx_release/addons/ofxGui/src/ofxBaseGui.h; sourceTree = SOURCE_ROOT; };
		3966EAE71FF6C72B009C3354 /* Superformula.cpp */ = {isa = PBXFileReference; lastKnownFileType = sourcecode.cpp.cpp; path = Superformula.cpp; sourceTree = "<group>"; };
		3966EAE81FF6C72B009C3354 /* Superformula.hpp */ = {isa = PBXFileReference; lastKnownFileType = sourcecode.cpp.h; path = Superformula.hpp; sourceTree = "<group>"; };
		3966EAEB1FF6CBA0009C3354 /* Phyllotaxis.cpp */ = {isa = PBXFileReference; lastKnownFileType = sourcecode.cpp.cpp; path = Phyllotaxis.cpp; sourceTree = "<group>"; };
		3966EAEC1FF6CBA0009C3354 /* Phyllotaxis.hpp */ = {isa = PBXFileReference; lastKnownFileType = sourcecode.cpp.h; path = Phyllotaxis.hpp; sourceTree = "<group>"; };
		3966EAF61FF7A69A009C3354 /* Ring.cpp */ = {isa = PBXFileReference; lastKnownFileType = sourcecode.cpp.cpp; path = Ring.cpp; sourceTree = "<group>"; };
		3966EAF71FF7A69A009C3354 /* Ring.hpp */ = {isa = PBXFileReference; lastKnownFileType = sourcecode.cpp.h; path = Ring.hpp; sourceTree = "<group>"; };
		5BE58FA9DA5F81D80DC10483 /* ofxPanel.cpp */ = {isa = PBXFileReference; explicitFileType = sourcecode.cpp.cpp; fileEncoding = 30; name = ofxPanel.cpp; path = ../../../../of_v0.9.8_osx_release/addons/ofxGui/src/ofxPanel.cpp; sourceTree = SOURCE_ROOT; };
		6E6D9269166A05F2717FFDE0 /* ofxGuiGroup.h */ = {isa = PBXFileReference; explicitFileType = sourcecode.c.h; fileEncoding = 30; name = ofxGuiGroup.h; path = ../../../../of_v0.9.8_osx_release/addons/ofxGui/src/ofxGuiGroup.h; sourceTree = SOURCE_ROOT; };
		72154091AE76B163EB279CC1 /* ofxMeshUtils.h */ = {isa = PBXFileReference; explicitFileType = sourcecode.c.h; fileEncoding = 30; name = ofxMeshUtils.h; path = src/ofxMeshUtils.h; sourceTree = SOURCE_ROOT; };
		755C41CA8B80B216B4A7A201 /* ofxPanel.h */ = {isa = PBXFileReference; explicitFileType = sourcecode.c.h; fileEncoding = 30; name = ofxPanel.h; path = ../../../../of_v0.9.8_osx_release/addons/ofxGui/src/ofxPanel.h; sourceTree = SOURCE_ROOT; };
		87961945CF44C01779799DB6 /* maxiMFCC.h */ = {isa = PBXFileReference; explicitFileType = sourcecode.c.h; fileEncoding = 30; name = maxiMFCC.h; path = ../../../../of_v0.9.8_osx_release/addons/ofxMaxim/libs/maxiMFCC.h; sourceTree = SOURCE_ROOT; };
		8F276A16D0D6C287D0526E3D /* ofxBaseGui.cpp */ = {isa = PBXFileReference; explicitFileType = sourcecode.cpp.cpp; fileEncoding = 30; name = ofxBaseGui.cpp; path = ../../../../of_v0.9.8_osx_release/addons/ofxGui/src/ofxBaseGui.cpp; sourceTree = SOURCE_ROOT; };
		96B5EE5548C75EB5F93BE19B /* ofxGuiGroup.cpp */ = {isa = PBXFileReference; explicitFileType = sourcecode.cpp.cpp; fileEncoding = 30; name = ofxGuiGroup.cpp; path = ../../../../of_v0.9.8_osx_release/addons/ofxGui/src/ofxGuiGroup.cpp; sourceTree = SOURCE_ROOT; };
		9B402B85D1876266BD259B2B /* ofxLabel.h */ = {isa = PBXFileReference; explicitFileType = sourcecode.c.h; fileEncoding = 30; name = ofxLabel.h; path = ../../../../of_v0.9.8_osx_release/addons/ofxGui/src/ofxLabel.h; sourceTree = SOURCE_ROOT; };
		A0E7F2DBF83C60F3BBCBC440 /* ofxMaxim.h */ = {isa = PBXFileReference; explicitFileType = sourcecode.c.h; fileEncoding = 30; name = ofxMaxim.h; path = ../../../../of_v0.9.8_osx_release/addons/ofxMaxim/src/ofxMaxim.h; sourceTree = SOURCE_ROOT; };
		AB38311EBB353979279949DC /* maximilian.cpp */ = {isa = PBXFileReference; explicitFileType = sourcecode.cpp.cpp; fileEncoding = 30; name = maximilian.cpp; path = ../../../../of_v0.9.8_osx_release/addons/ofxMaxim/libs/maximilian.cpp; sourceTree = SOURCE_ROOT; };
		AC68BE123411E77644EE2170 /* maxiBark.h */ = {isa = PBXFileReference; explicitFileType = sourcecode.c.h; fileEncoding = 30; name = maxiBark.h; path = ../../../../of_v0.9.8_osx_release/addons/ofxMaxim/libs/maxiBark.h; sourceTree = SOURCE_ROOT; };
		AF4230C4DAB9BDA73E399671 /* maxiAtoms.cpp */ = {isa = PBXFileReference; explicitFileType = sourcecode.cpp.cpp; fileEncoding = 30; name = maxiAtoms.cpp; path = ../../../../of_v0.9.8_osx_release/addons/ofxMaxim/libs/maxiAtoms.cpp; sourceTree = SOURCE_ROOT; };
		B491B70A49BA439BA4B20C03 /* ofxGui.h */ = {isa = PBXFileReference; explicitFileType = sourcecode.c.h; fileEncoding = 30; name = ofxGui.h; path = ../../../../of_v0.9.8_osx_release/addons/ofxGui/src/ofxGui.h; sourceTree = SOURCE_ROOT; };
		BF26871164CD378F7C856AD9 /* ofxSliderGroup.cpp */ = {isa = PBXFileReference; explicitFileType = sourcecode.cpp.cpp; fileEncoding = 30; name = ofxSliderGroup.cpp; path = ../../../../of_v0.9.8_osx_release/addons/ofxGui/src/ofxSliderGroup.cpp; sourceTree = SOURCE_ROOT; };
		C25F58B0F93CFF331C7A5036 /* ofxLabel.cpp */ = {isa = PBXFileReference; explicitFileType = sourcecode.cpp.cpp; fileEncoding = 30; name = ofxLabel.cpp; path = ../../../../of_v0.9.8_osx_release/addons/ofxGui/src/ofxLabel.cpp; sourceTree = SOURCE_ROOT; };
		C38B7CECCEDE1E4565C00D1C /* maxiGrains.cpp */ = {isa = PBXFileReference; explicitFileType = sourcecode.cpp.cpp; fileEncoding = 30; name = maxiGrains.cpp; path = ../../../../of_v0.9.8_osx_release/addons/ofxMaxim/libs/maxiGrains.cpp; sourceTree = SOURCE_ROOT; };
		C6E7B7FFBAE744368CE71141 /* sineTable.h */ = {isa = PBXFileReference; explicitFileType = sourcecode.c.h; fileEncoding = 30; name = sineTable.h; path = ../../../../of_v0.9.8_osx_release/addons/ofxMaxim/libs/sineTable.h; sourceTree = SOURCE_ROOT; };
		C837CF56207F5F79A7FDA32A /* fft.h */ = {isa = PBXFileReference; explicitFileType = sourcecode.c.h; fileEncoding = 30; name = fft.h; path = ../../../../of_v0.9.8_osx_release/addons/ofxMaxim/libs/fft.h; sourceTree = SOURCE_ROOT; };
		CE887093932E70D87B1B4B35 /* ofxSliderGroup.h */ = {isa = PBXFileReference; explicitFileType = sourcecode.c.h; fileEncoding = 30; name = ofxSliderGroup.h; path = ../../../../of_v0.9.8_osx_release/addons/ofxGui/src/ofxSliderGroup.h; sourceTree = SOURCE_ROOT; };
		DB8A913F1E1D4EE23A143D63 /* ofxToggle.cpp */ = {isa = PBXFileReference; explicitFileType = sourcecode.cpp.cpp; fileEncoding = 30; name = ofxToggle.cpp; path = ../../../../of_v0.9.8_osx_release/addons/ofxGui/src/ofxToggle.cpp; sourceTree = SOURCE_ROOT; };
		DD91F64F2C1271A1A7C71458 /* ofxSlider.cpp */ = {isa = PBXFileReference; explicitFileType = sourcecode.cpp.cpp; fileEncoding = 30; name = ofxSlider.cpp; path = ../../../../of_v0.9.8_osx_release/addons/ofxGui/src/ofxSlider.cpp; sourceTree = SOURCE_ROOT; };
		E3EF5E22259E449B56CFBDCC /* ofxButton.h */ = {isa = PBXFileReference; explicitFileType = sourcecode.c.h; fileEncoding = 30; name = ofxButton.h; path = ../../../../of_v0.9.8_osx_release/addons/ofxGui/src/ofxButton.h; sourceTree = SOURCE_ROOT; };
		E4328143138ABC890047C5CB /* openFrameworksLib.xcodeproj */ = {isa = PBXFileReference; lastKnownFileType = "wrapper.pb-project"; name = openFrameworksLib.xcodeproj; path = ../../../../of_v0.9.8_osx_release/libs/openFrameworksCompiled/project/osx/openFrameworksLib.xcodeproj; sourceTree = SOURCE_ROOT; };
		E4B69B5B0A3A1756003C02F2 /* AudioViz_FinalProjectDebug.app */ = {isa = PBXFileReference; explicitFileType = wrapper.application; includeInIndex = 0; path = AudioViz_FinalProjectDebug.app; sourceTree = BUILT_PRODUCTS_DIR; };
		E4B69E1D0A3A1BDC003C02F2 /* main.cpp */ = {isa = PBXFileReference; fileEncoding = 30; lastKnownFileType = sourcecode.cpp.cpp; name = main.cpp; path = src/main.cpp; sourceTree = SOURCE_ROOT; };
		E4B69E1E0A3A1BDC003C02F2 /* ofApp.cpp */ = {isa = PBXFileReference; explicitFileType = sourcecode.cpp.cpp; fileEncoding = 30; name = ofApp.cpp; path = src/ofApp.cpp; sourceTree = SOURCE_ROOT; };
		E4B69E1F0A3A1BDC003C02F2 /* ofApp.h */ = {isa = PBXFileReference; fileEncoding = 30; lastKnownFileType = sourcecode.c.h; name = ofApp.h; path = src/ofApp.h; sourceTree = SOURCE_ROOT; };
		E4B6FCAD0C3E899E008CF71C /* openFrameworks-Info.plist */ = {isa = PBXFileReference; fileEncoding = 30; lastKnownFileType = text.plist.xml; path = "openFrameworks-Info.plist"; sourceTree = "<group>"; };
		E4EB691F138AFCF100A09F29 /* CoreOF.xcconfig */ = {isa = PBXFileReference; fileEncoding = 4; lastKnownFileType = text.xcconfig; name = CoreOF.xcconfig; path = ../../../../of_v0.9.8_osx_release/libs/openFrameworksCompiled/project/osx/CoreOF.xcconfig; sourceTree = SOURCE_ROOT; };
		E4EB6923138AFD0F00A09F29 /* Project.xcconfig */ = {isa = PBXFileReference; fileEncoding = 4; lastKnownFileType = text.xcconfig; path = Project.xcconfig; sourceTree = "<group>"; };
		E962D9FD3977AF75DE0EFC7A /* ofxSlider.h */ = {isa = PBXFileReference; explicitFileType = sourcecode.c.h; fileEncoding = 30; name = ofxSlider.h; path = ../../../../of_v0.9.8_osx_release/addons/ofxGui/src/ofxSlider.h; sourceTree = SOURCE_ROOT; };
		EB1B045BCFEB7E86F98858A9 /* fft.cpp */ = {isa = PBXFileReference; explicitFileType = sourcecode.cpp.cpp; fileEncoding = 30; name = fft.cpp; path = ../../../../of_v0.9.8_osx_release/addons/ofxMaxim/libs/fft.cpp; sourceTree = SOURCE_ROOT; };
		ED022B158A579C11EC257679 /* ofxButton.cpp */ = {isa = PBXFileReference; explicitFileType = sourcecode.cpp.cpp; fileEncoding = 30; name = ofxButton.cpp; path = ../../../../of_v0.9.8_osx_release/addons/ofxGui/src/ofxButton.cpp; sourceTree = SOURCE_ROOT; };
		F1140463C2E4816F3E6A6B42 /* maxiFFT.h */ = {isa = PBXFileReference; explicitFileType = sourcecode.c.h; fileEncoding = 30; name = maxiFFT.h; path = ../../../../of_v0.9.8_osx_release/addons/ofxMaxim/libs/maxiFFT.h; sourceTree = SOURCE_ROOT; };
		F1259952279536C3D4F0C519 /* maxiFFT.cpp */ = {isa = PBXFileReference; explicitFileType = sourcecode.cpp.cpp; fileEncoding = 30; name = maxiFFT.cpp; path = ../../../../of_v0.9.8_osx_release/addons/ofxMaxim/libs/maxiFFT.cpp; sourceTree = SOURCE_ROOT; };
		F937892AB6A75149461FEA2E /* stb_vorbis.h */ = {isa = PBXFileReference; explicitFileType = sourcecode.c.h; fileEncoding = 30; name = stb_vorbis.h; path = ../../../../of_v0.9.8_osx_release/addons/ofxMaxim/libs/stb_vorbis.h; sourceTree = SOURCE_ROOT; };
		F978CDEEF7DB9E87DD20FF4C /* maxiAtoms.h */ = {isa = PBXFileReference; explicitFileType = sourcecode.c.h; fileEncoding = 30; name = maxiAtoms.h; path = ../../../../of_v0.9.8_osx_release/addons/ofxMaxim/libs/maxiAtoms.h; sourceTree = SOURCE_ROOT; };
		FA477CFF4E72B180C43DE868 /* maximilian.h */ = {isa = PBXFileReference; explicitFileType = sourcecode.c.h; fileEncoding = 30; name = maximilian.h; path = ../../../../of_v0.9.8_osx_release/addons/ofxMaxim/libs/maximilian.h; sourceTree = SOURCE_ROOT; };
/* End PBXFileReference section */

/* Begin PBXFrameworksBuildPhase section */
		E4B69B590A3A1756003C02F2 /* Frameworks */ = {
			isa = PBXFrameworksBuildPhase;
			buildActionMask = 2147483647;
			files = (
				E4328149138ABC9F0047C5CB /* openFrameworksDebug.a in Frameworks */,
			);
			runOnlyForDeploymentPostprocessing = 0;
		};
/* End PBXFrameworksBuildPhase section */

/* Begin PBXGroup section */
		480A780D8D0308AE4A368801 /* ofxGui */ = {
			isa = PBXGroup;
			children = (
				A763ED608B35AE3310251DEE /* src */,
			);
			name = ofxGui;
			sourceTree = "<group>";
		};
		4ACC32F17B7623DA048865D1 /* libs */ = {
			isa = PBXGroup;
			children = (
				EB1B045BCFEB7E86F98858A9 /* fft.cpp */,
				C837CF56207F5F79A7FDA32A /* fft.h */,
				AF4230C4DAB9BDA73E399671 /* maxiAtoms.cpp */,
				F978CDEEF7DB9E87DD20FF4C /* maxiAtoms.h */,
				14883921D6C2E2F320F6C1B8 /* maxiBark.cpp */,
				AC68BE123411E77644EE2170 /* maxiBark.h */,
				F1259952279536C3D4F0C519 /* maxiFFT.cpp */,
				F1140463C2E4816F3E6A6B42 /* maxiFFT.h */,
				C38B7CECCEDE1E4565C00D1C /* maxiGrains.cpp */,
				0566571C04DBB83434E1FF2D /* maxiGrains.h */,
				1383BAC8643F36247B084617 /* maxiMFCC.cpp */,
				87961945CF44C01779799DB6 /* maxiMFCC.h */,
				AB38311EBB353979279949DC /* maximilian.cpp */,
				FA477CFF4E72B180C43DE868 /* maximilian.h */,
				C6E7B7FFBAE744368CE71141 /* sineTable.h */,
				0AB7E3F926BBD06959CE22D6 /* stb_vorbis.c */,
				F937892AB6A75149461FEA2E /* stb_vorbis.h */,
			);
			name = libs;
			sourceTree = "<group>";
		};
		6234D3BCE87D1C3BA2230F19 /* ofxMaxim */ = {
			isa = PBXGroup;
			children = (
				8F6BFB59AB6D0A458C2F3C53 /* src */,
				4ACC32F17B7623DA048865D1 /* libs */,
			);
			name = ofxMaxim;
			sourceTree = "<group>";
		};
		6948EE371B920CB800B5AC1A /* local_addons */ = {
			isa = PBXGroup;
			children = (
			);
			name = local_addons;
			sourceTree = "<group>";
		};
		8F6BFB59AB6D0A458C2F3C53 /* src */ = {
			isa = PBXGroup;
			children = (
				A0E7F2DBF83C60F3BBCBC440 /* ofxMaxim.h */,
			);
			name = src;
			sourceTree = "<group>";
		};
		A763ED608B35AE3310251DEE /* src */ = {
			isa = PBXGroup;
			children = (
				8F276A16D0D6C287D0526E3D /* ofxBaseGui.cpp */,
				37E583DAD23B827B8FD7901E /* ofxBaseGui.h */,
				ED022B158A579C11EC257679 /* ofxButton.cpp */,
				E3EF5E22259E449B56CFBDCC /* ofxButton.h */,
				B491B70A49BA439BA4B20C03 /* ofxGui.h */,
				96B5EE5548C75EB5F93BE19B /* ofxGuiGroup.cpp */,
				6E6D9269166A05F2717FFDE0 /* ofxGuiGroup.h */,
				C25F58B0F93CFF331C7A5036 /* ofxLabel.cpp */,
				9B402B85D1876266BD259B2B /* ofxLabel.h */,
				5BE58FA9DA5F81D80DC10483 /* ofxPanel.cpp */,
				755C41CA8B80B216B4A7A201 /* ofxPanel.h */,
				DD91F64F2C1271A1A7C71458 /* ofxSlider.cpp */,
				E962D9FD3977AF75DE0EFC7A /* ofxSlider.h */,
				BF26871164CD378F7C856AD9 /* ofxSliderGroup.cpp */,
				CE887093932E70D87B1B4B35 /* ofxSliderGroup.h */,
				DB8A913F1E1D4EE23A143D63 /* ofxToggle.cpp */,
				08A98184FF8AC9F2B002C6E9 /* ofxToggle.h */,
			);
			name = src;
			sourceTree = "<group>";
		};
		BB4B014C10F69532006C3DED /* addons */ = {
			isa = PBXGroup;
			children = (
				480A780D8D0308AE4A368801 /* ofxGui */,
				6234D3BCE87D1C3BA2230F19 /* ofxMaxim */,
			);
			name = addons;
			sourceTree = "<group>";
		};
		E4328144138ABC890047C5CB /* Products */ = {
			isa = PBXGroup;
			children = (
				E4328148138ABC890047C5CB /* openFrameworksDebug.a */,
			);
			name = Products;
			sourceTree = "<group>";
		};
		E4B69B4A0A3A1720003C02F2 = {
			isa = PBXGroup;
			children = (
				E4B6FCAD0C3E899E008CF71C /* openFrameworks-Info.plist */,
				E4EB6923138AFD0F00A09F29 /* Project.xcconfig */,
				E4B69E1C0A3A1BDC003C02F2 /* src */,
				E4EEC9E9138DF44700A80321 /* openFrameworks */,
				BB4B014C10F69532006C3DED /* addons */,
				6948EE371B920CB800B5AC1A /* local_addons */,
				E4B69B5B0A3A1756003C02F2 /* AudioViz_FinalProjectDebug.app */,
			);
			sourceTree = "<group>";
		};
		E4B69E1C0A3A1BDC003C02F2 /* src */ = {
			isa = PBXGroup;
			children = (
				E4B69E1D0A3A1BDC003C02F2 /* main.cpp */,
				E4B69E1E0A3A1BDC003C02F2 /* ofApp.cpp */,
				E4B69E1F0A3A1BDC003C02F2 /* ofApp.h */,
				3966EAEB1FF6CBA0009C3354 /* Phyllotaxis.cpp */,
				3966EAEC1FF6CBA0009C3354 /* Phyllotaxis.hpp */,
				3966EAE71FF6C72B009C3354 /* Superformula.cpp */,
				3966EAE81FF6C72B009C3354 /* Superformula.hpp */,
				3966EAF61FF7A69A009C3354 /* Ring.cpp */,
				3966EAF71FF7A69A009C3354 /* Ring.hpp */,
				0EDC02B3C29EDB519AFA821C /* ofxMeshUtils.cpp */,
				72154091AE76B163EB279CC1 /* ofxMeshUtils.h */,
			);
			path = src;
			sourceTree = SOURCE_ROOT;
		};
		E4EEC9E9138DF44700A80321 /* openFrameworks */ = {
			isa = PBXGroup;
			children = (
				E4EB691F138AFCF100A09F29 /* CoreOF.xcconfig */,
				E4328143138ABC890047C5CB /* openFrameworksLib.xcodeproj */,
			);
			name = openFrameworks;
			sourceTree = "<group>";
		};
/* End PBXGroup section */

/* Begin PBXNativeTarget section */
		E4B69B5A0A3A1756003C02F2 /* AudioViz_FinalProject */ = {
			isa = PBXNativeTarget;
			buildConfigurationList = E4B69B5F0A3A1757003C02F2 /* Build configuration list for PBXNativeTarget "AudioViz_FinalProject" */;
			buildPhases = (
				E4B69B580A3A1756003C02F2 /* Sources */,
				E4B69B590A3A1756003C02F2 /* Frameworks */,
				E4B6FFFD0C3F9AB9008CF71C /* ShellScript */,
				E4C2427710CC5ABF004149E2 /* CopyFiles */,
			);
			buildRules = (
			);
			dependencies = (
				E4EEB9AC138B136A00A80321 /* PBXTargetDependency */,
			);
			name = AudioViz_FinalProject;
			productName = myOFApp;
			productReference = E4B69B5B0A3A1756003C02F2 /* AudioViz_FinalProjectDebug.app */;
			productType = "com.apple.product-type.application";
		};
/* End PBXNativeTarget section */

/* Begin PBXProject section */
		E4B69B4C0A3A1720003C02F2 /* Project object */ = {
			isa = PBXProject;
			attributes = {
				LastUpgradeCheck = 0600;
			};
			buildConfigurationList = E4B69B4D0A3A1720003C02F2 /* Build configuration list for PBXProject "AudioViz_FinalProject" */;
			compatibilityVersion = "Xcode 3.2";
			developmentRegion = English;
			hasScannedForEncodings = 0;
			knownRegions = (
				English,
				Japanese,
				French,
				German,
			);
			mainGroup = E4B69B4A0A3A1720003C02F2;
			productRefGroup = E4B69B4A0A3A1720003C02F2;
			projectDirPath = "";
			projectReferences = (
				{
					ProductGroup = E4328144138ABC890047C5CB /* Products */;
					ProjectRef = E4328143138ABC890047C5CB /* openFrameworksLib.xcodeproj */;
				},
			);
			projectRoot = "";
			targets = (
				E4B69B5A0A3A1756003C02F2 /* AudioViz_FinalProject */,
			);
		};
/* End PBXProject section */

/* Begin PBXReferenceProxy section */
		E4328148138ABC890047C5CB /* openFrameworksDebug.a */ = {
			isa = PBXReferenceProxy;
			fileType = archive.ar;
			path = openFrameworksDebug.a;
			remoteRef = E4328147138ABC890047C5CB /* PBXContainerItemProxy */;
			sourceTree = BUILT_PRODUCTS_DIR;
		};
/* End PBXReferenceProxy section */

/* Begin PBXShellScriptBuildPhase section */
		E4B6FFFD0C3F9AB9008CF71C /* ShellScript */ = {
			isa = PBXShellScriptBuildPhase;
			buildActionMask = 2147483647;
			files = (
			);
			inputPaths = (
			);
			outputPaths = (
			);
			runOnlyForDeploymentPostprocessing = 0;
			shellPath = /bin/sh;
			shellScript = "mkdir -p \"$TARGET_BUILD_DIR/$PRODUCT_NAME.app/Contents/Resources/\"\n# Copy default icon file into App/Resources\nrsync -aved \"$ICON_FILE\" \"$TARGET_BUILD_DIR/$PRODUCT_NAME.app/Contents/Resources/\"\n# Copy libfmod and change install directory for fmod to run\nrsync -aved ../../../../of_v0.9.8_osx_release/libs/fmodex/lib/osx/libfmodex.dylib \"$TARGET_BUILD_DIR/$PRODUCT_NAME.app/Contents/Frameworks/\";\ninstall_name_tool -change @executable_path/libfmodex.dylib @executable_path/../Frameworks/libfmodex.dylib \"$TARGET_BUILD_DIR/$PRODUCT_NAME.app/Contents/MacOS/$PRODUCT_NAME\";\n# Copy GLUT framework (must remove for AppStore submissions)\nrsync -aved ../../../../of_v0.9.8_osx_release/libs/glut/lib/osx/GLUT.framework \"$TARGET_BUILD_DIR/$PRODUCT_NAME.app/Contents/Frameworks/\"\n";
		};
/* End PBXShellScriptBuildPhase section */

/* Begin PBXSourcesBuildPhase section */
		E4B69B580A3A1756003C02F2 /* Sources */ = {
			isa = PBXSourcesBuildPhase;
			buildActionMask = 2147483647;
			files = (
				E4B69E200A3A1BDC003C02F2 /* main.cpp in Sources */,
				E4B69E210A3A1BDC003C02F2 /* ofApp.cpp in Sources */,
				8A5B2FCECC22246C29041092 /* ofxMeshUtils.cpp in Sources */,
				D6A39F2B6D22DDEACAC26A21 /* ofxBaseGui.cpp in Sources */,
				26C918A18749F3343BAE189D /* ofxButton.cpp in Sources */,
				B099E021F31864C38C1A79AF /* ofxGuiGroup.cpp in Sources */,
				B33CD1315CC6C05197584435 /* ofxLabel.cpp in Sources */,
				E0788DAB1979A724D741A861 /* ofxPanel.cpp in Sources */,
				F4A3A7E565388C16136138B9 /* ofxSlider.cpp in Sources */,
				A666114E6FC02999817B931F /* ofxSliderGroup.cpp in Sources */,
				5F131AC1F6EF4A345D808FB5 /* ofxToggle.cpp in Sources */,
				8A8DB0CF1961BD567E612B95 /* fft.cpp in Sources */,
				206563C67C8E6571292487D0 /* maxiAtoms.cpp in Sources */,
				3966EAF81FF7A69A009C3354 /* Ring.cpp in Sources */,
				1474D9AFDB50118A7AD7D896 /* maxiBark.cpp in Sources */,
				D075B1C6BEDE8EAADF46DED5 /* maxiFFT.cpp in Sources */,
				3966EAED1FF6CBA0009C3354 /* Phyllotaxis.cpp in Sources */,
				67BC3BC521858C039213B9E2 /* maxiGrains.cpp in Sources */,
				0583A030AA41239117DD9E11 /* maxiMFCC.cpp in Sources */,
				649D70B852DCED4E460097C0 /* maximilian.cpp in Sources */,
				3966EAE91FF6C72B009C3354 /* Superformula.cpp in Sources */,
				7871178CCF2D688F51416FFF /* stb_vorbis.c in Sources */,
			);
			runOnlyForDeploymentPostprocessing = 0;
		};
/* End PBXSourcesBuildPhase section */

/* Begin PBXTargetDependency section */
		E4EEB9AC138B136A00A80321 /* PBXTargetDependency */ = {
			isa = PBXTargetDependency;
			name = openFrameworks;
			targetProxy = E4EEB9AB138B136A00A80321 /* PBXContainerItemProxy */;
		};
/* End PBXTargetDependency section */

/* Begin XCBuildConfiguration section */
		E4B69B4E0A3A1720003C02F2 /* Debug */ = {
			isa = XCBuildConfiguration;
			baseConfigurationReference = E4EB6923138AFD0F00A09F29 /* Project.xcconfig */;
			buildSettings = {
				CONFIGURATION_BUILD_DIR = "$(SRCROOT)/bin/";
				COPY_PHASE_STRIP = NO;
				DEAD_CODE_STRIPPING = YES;
				GCC_AUTO_VECTORIZATION = YES;
				GCC_ENABLE_SSE3_EXTENSIONS = YES;
				GCC_ENABLE_SUPPLEMENTAL_SSE3_INSTRUCTIONS = YES;
				GCC_INLINES_ARE_PRIVATE_EXTERN = NO;
				GCC_OPTIMIZATION_LEVEL = 0;
				GCC_SYMBOLS_PRIVATE_EXTERN = NO;
				GCC_WARN_ABOUT_DEPRECATED_FUNCTIONS = YES;
				GCC_WARN_ABOUT_INVALID_OFFSETOF_MACRO = NO;
				GCC_WARN_ALLOW_INCOMPLETE_PROTOCOL = NO;
				GCC_WARN_UNINITIALIZED_AUTOS = NO;
				GCC_WARN_UNUSED_VALUE = NO;
				GCC_WARN_UNUSED_VARIABLE = NO;
				HEADER_SEARCH_PATHS = (
					"$(OF_CORE_HEADERS)",
					src,
					../../../../of_v0.9.8_osx_release/addons/ofxGui/src,
					../../../../of_v0.9.8_osx_release/addons/ofxMaxim/libs,
					../../../../of_v0.9.8_osx_release/addons/ofxMaxim/src,
				);
				MACOSX_DEPLOYMENT_TARGET = 10.8;
				ONLY_ACTIVE_ARCH = YES;
				OTHER_CPLUSPLUSFLAGS = (
					"-D__MACOSX_CORE__",
					"-mtune=native",
				);
				SDKROOT = macosx;
			};
			name = Debug;
		};
		E4B69B4F0A3A1720003C02F2 /* Release */ = {
			isa = XCBuildConfiguration;
			baseConfigurationReference = E4EB6923138AFD0F00A09F29 /* Project.xcconfig */;
			buildSettings = {
				CONFIGURATION_BUILD_DIR = "$(SRCROOT)/bin/";
				COPY_PHASE_STRIP = YES;
				DEAD_CODE_STRIPPING = YES;
				GCC_AUTO_VECTORIZATION = YES;
				GCC_ENABLE_SSE3_EXTENSIONS = YES;
				GCC_ENABLE_SUPPLEMENTAL_SSE3_INSTRUCTIONS = YES;
				GCC_INLINES_ARE_PRIVATE_EXTERN = NO;
				GCC_OPTIMIZATION_LEVEL = 3;
				GCC_SYMBOLS_PRIVATE_EXTERN = NO;
				GCC_UNROLL_LOOPS = YES;
				GCC_WARN_ABOUT_DEPRECATED_FUNCTIONS = YES;
				GCC_WARN_ABOUT_INVALID_OFFSETOF_MACRO = NO;
				GCC_WARN_ALLOW_INCOMPLETE_PROTOCOL = NO;
				GCC_WARN_UNINITIALIZED_AUTOS = NO;
				GCC_WARN_UNUSED_VALUE = NO;
				GCC_WARN_UNUSED_VARIABLE = NO;
				HEADER_SEARCH_PATHS = (
					"$(OF_CORE_HEADERS)",
					src,
					../../../../of_v0.9.8_osx_release/addons/ofxGui/src,
					../../../../of_v0.9.8_osx_release/addons/ofxMaxim/libs,
					../../../../of_v0.9.8_osx_release/addons/ofxMaxim/src,
				);
				MACOSX_DEPLOYMENT_TARGET = 10.8;
				OTHER_CPLUSPLUSFLAGS = (
					"-D__MACOSX_CORE__",
					"-mtune=native",
				);
				SDKROOT = macosx;
			};
			name = Release;
		};
		E4B69B600A3A1757003C02F2 /* Debug */ = {
			isa = XCBuildConfiguration;
			baseConfigurationReference = E4EB6923138AFD0F00A09F29 /* Project.xcconfig */;
			buildSettings = {
				COMBINE_HIDPI_IMAGES = YES;
				COPY_PHASE_STRIP = NO;
				FRAMEWORK_SEARCH_PATHS = (
					"$(inherited)",
					"$(FRAMEWORK_SEARCH_PATHS_QUOTED_FOR_TARGET_1)",
				);
				FRAMEWORK_SEARCH_PATHS_QUOTED_FOR_TARGET_1 = "\"$(SRCROOT)/../../../../of_v0.9.8_osx_release/libs/glut/lib/osx\"";
				GCC_DYNAMIC_NO_PIC = NO;
				GCC_GENERATE_DEBUGGING_SYMBOLS = YES;
				GCC_MODEL_TUNING = NONE;
				HEADER_SEARCH_PATHS = (
					"$(OF_CORE_HEADERS)",
					src,
					../../../../of_v0.9.8_osx_release/addons/ofxGui/src,
					../../../../of_v0.9.8_osx_release/addons/ofxMaxim/libs,
					../../../../of_v0.9.8_osx_release/addons/ofxMaxim/src,
				);
				ICON = "$(ICON_NAME_DEBUG)";
				ICON_FILE = "$(ICON_FILE_PATH)$(ICON)";
				INFOPLIST_FILE = "openFrameworks-Info.plist";
				INSTALL_PATH = /Applications;
				LIBRARY_SEARCH_PATHS = "$(inherited)";
				PRODUCT_NAME = "$(TARGET_NAME)Debug";
				WRAPPER_EXTENSION = app;
			};
			name = Debug;
		};
		E4B69B610A3A1757003C02F2 /* Release */ = {
			isa = XCBuildConfiguration;
			baseConfigurationReference = E4EB6923138AFD0F00A09F29 /* Project.xcconfig */;
			buildSettings = {
				COMBINE_HIDPI_IMAGES = YES;
				COPY_PHASE_STRIP = YES;
				FRAMEWORK_SEARCH_PATHS = (
					"$(inherited)",
					"$(FRAMEWORK_SEARCH_PATHS_QUOTED_FOR_TARGET_1)",
				);
				FRAMEWORK_SEARCH_PATHS_QUOTED_FOR_TARGET_1 = "\"$(SRCROOT)/../../../../of_v0.9.8_osx_release/libs/glut/lib/osx\"";
				GCC_GENERATE_DEBUGGING_SYMBOLS = YES;
				GCC_MODEL_TUNING = NONE;
				HEADER_SEARCH_PATHS = (
					"$(OF_CORE_HEADERS)",
					src,
					../../../../of_v0.9.8_osx_release/addons/ofxGui/src,
					../../../../of_v0.9.8_osx_release/addons/ofxMaxim/libs,
					../../../../of_v0.9.8_osx_release/addons/ofxMaxim/src,
				);
				ICON = "$(ICON_NAME_RELEASE)";
				ICON_FILE = "$(ICON_FILE_PATH)$(ICON)";
				INFOPLIST_FILE = "openFrameworks-Info.plist";
				INSTALL_PATH = /Applications;
				LIBRARY_SEARCH_PATHS = "$(inherited)";
				PRODUCT_NAME = "$(TARGET_NAME)";
				WRAPPER_EXTENSION = app;
				baseConfigurationReference = E4EB6923138AFD0F00A09F29;
			};
			name = Release;
		};
/* End XCBuildConfiguration section */

/* Begin XCConfigurationList section */
		E4B69B4D0A3A1720003C02F2 /* Build configuration list for PBXProject "AudioViz_FinalProject" */ = {
			isa = XCConfigurationList;
			buildConfigurations = (
				E4B69B4E0A3A1720003C02F2 /* Debug */,
				E4B69B4F0A3A1720003C02F2 /* Release */,
			);
			defaultConfigurationIsVisible = 0;
			defaultConfigurationName = Release;
		};
		E4B69B5F0A3A1757003C02F2 /* Build configuration list for PBXNativeTarget "AudioViz_FinalProject" */ = {
			isa = XCConfigurationList;
			buildConfigurations = (
				E4B69B600A3A1757003C02F2 /* Debug */,
				E4B69B610A3A1757003C02F2 /* Release */,
			);
			defaultConfigurationIsVisible = 0;
			defaultConfigurationName = Release;
		};
/* End XCConfigurationList section */
	};
	rootObject = E4B69B4C0A3A1720003C02F2 /* Project object */;
}
